# THIS IS AN AUTOGENERATED FILE. DO NOT EDIT THIS FILE DIRECTLY.
# yarn lockfile v1


"@radix-ui/colors@^3.0.0":
  version "3.0.0"
  resolved "https://registry.yarnpkg.com/@radix-ui/colors/-/colors-3.0.0.tgz#e8a591a303c44e503bd1212cacf40a09511165e0"
  integrity sha512-FUOsGBkHrYJwCSEtWRCIfQbZG7q1e6DgxCIOe1SUQzDe/7rXXeA47s8yCn6fuTNQAj1Zq4oTFi9Yjp3wzElcxg==

tailwindcss-radix-colors@^1.4.1:
  version "1.4.1"
  resolved "https://registry.yarnpkg.com/tailwindcss-radix-colors/-/tailwindcss-radix-colors-1.4.1.tgz#2a2a41ca0dc34a59ab95ec5565c5cbb269456acf"
  integrity sha512-jlSYXsjq8uavjQPXbMJJwDhojG0wlTasJTnM9hmXXPaDOvNUTeeU0YEILWakUpuxWJ8xyzyInz9JVZGHs3/dCw==
  dependencies:
    "@radix-ui/colors" "^3.0.0"
